
Microsoft Visual Studio Solution File, Format Version 12.00
# Visual Studio Version 17
VisualStudioVersion = 17.12.35527.113
MinimumVisualStudioVersion = 10.0.40219.1
Project("{9A19103F-16F7-4668-BE54-9A1E7A4F7556}") = "Admin.WebApi", "Admin.WebApi\Admin.WebApi.csproj", "{10594675-333D-372C-5F2E-5557CB43E205}"
EndProject
Project("{9A19103F-16F7-4668-BE54-9A1E7A4F7556}") = "Admin.Entities", "Admin.Entities\Admin.Entities.csproj", "{5EC3DB4A-2E0E-418A-A655-1F31F93096F8}"
EndProject
Global
	GlobalSection(SolutionConfigurationPlatforms) = preSolution
		Debug|Any CPU = Debug|Any CPU
		Release|Any CPU = Release|Any CPU
	EndGlobalSection
	GlobalSection(ProjectConfigurationPlatforms) = postSolution
		{10594675-333D-372C-5F2E-5557CB43E205}.Debug|Any CPU.ActiveCfg = Debug|Any CPU
		{10594675-333D-372C-5F2E-5557CB43E205}.Debug|Any CPU.Build.0 = Debug|Any CPU
		{10594675-333D-372C-5F2E-5557CB43E205}.Release|Any CPU.ActiveCfg = Release|Any CPU
		{10594675-333D-372C-5F2E-5557CB43E205}.Release|Any CPU.Build.0 = Release|Any CPU
		{5EC3DB4A-2E0E-418A-A655-1F31F93096F8}.Debug|Any CPU.ActiveCfg = Debug|Any CPU
		{5EC3DB4A-2E0E-418A-A655-1F31F93096F8}.Debug|Any CPU.Build.0 = Debug|Any CPU
		{5EC3DB4A-2E0E-418A-A655-1F31F93096F8}.Release|Any CPU.ActiveCfg = Release|Any CPU
		{5EC3DB4A-2E0E-418A-A655-1F31F93096F8}.Release|Any CPU.Build.0 = Release|Any CPU
	EndGlobalSection
	GlobalSection(SolutionProperties) = preSolution
		HideSolutionNode = FALSE
	EndGlobalSection
	GlobalSection(ExtensibilityGlobals) = postSolution
		SolutionGuid = {86027D94-91CE-42D7-86E7-4A4D2237256E}
	EndGlobalSection
EndGlobal
